{
    "_readme": [
        "This file locks the dependencies of your project to a known state",
        "Read more about it at http://getcomposer.org/doc/01-basic-usage.md#composer-lock-the-lock-file"
    ],
    "hash": "56c217f317d5da8fe8c583e0b51b167a",
    "packages": [
        {
            "name": "filp/whoops",
            "version": "1.0.10",
            "source": {
                "type": "git",
                "url": "https://github.com/filp/whoops.git",
                "reference": "91e3fd4b0812017ffbeb24add55330664e1ea32a"
            },
            "dist": {
                "type": "zip",
                "url": "https://api.github.com/repos/filp/whoops/zipball/91e3fd4b0812017ffbeb24add55330664e1ea32a",
                "reference": "91e3fd4b0812017ffbeb24add55330664e1ea32a",
                "shasum": ""
            },
            "require": {
                "php": ">=5.3.0"
            },
            "require-dev": {
                "mockery/mockery": "dev-master",
                "silex/silex": "1.0.*@dev"
            },
            "type": "library",
            "autoload": {
                "psr-0": {
                    "Whoops": "src/"
                }
            },
            "notification-url": "https://packagist.org/downloads/",
            "license": [
                "MIT"
            ],
            "authors": [
                {
                    "name": "Filipe Dobreira",
                    "homepage": "https://github.com/filp",
                    "role": "Developer"
                }
            ],
            "description": "php error handling for cool kids",
            "homepage": "https://github.com/filp/whoops",
            "keywords": [
                "error",
                "exception",
                "handling",
                "library",
                "silex-provider",
                "whoops",
                "zf2"
            ],
            "time": "2013-12-04 14:19:30"
        }
    ],
    "packages-dev": [

    ],
    "aliases": [

    ],
    "minimum-stability": "dev",
    "stability-flags": [

    ],
    "platform": {
        "php": ">=5.4"
    },
    "platform-dev": [

    ]
}
